
Microsoft Visual Studio Solution File, Format Version 12.00
# Visual Studio Version 17
VisualStudioVersion = 17.0.31903.59
MinimumVisualStudioVersion = 10.0.40219.1
Project("{FAE04EC0-301F-11D3-BF4B-00C04F79EFBC}") = "OpenCTM", "OpenCTM\OpenCTM.csproj", "{116D9CAC-0C8C-466D-825A-A60BD026A747}"
EndProject
Project("{FAE04EC0-301F-11D3-BF4B-00C04F79EFBC}") = "Lzma", "LZMA\Lzma.csproj", "{CE33DF18-F9C8-4D6F-9057-DBB4DB96E973}"
EndProject
Project("{FAE04EC0-301F-11D3-BF4B-00C04F79EFBC}") = "CtmTests", "CtmTests\CtmTests.csproj", "{A385E76B-2F44-43BF-900C-1D4EE71221E5}"
EndProject
Global
	GlobalSection(SolutionConfigurationPlatforms) = preSolution
		Debug|Any CPU = Debug|Any CPU
		Release|Any CPU = Release|Any CPU
	EndGlobalSection
	GlobalSection(ProjectConfigurationPlatforms) = postSolution
		{116D9CAC-0C8C-466D-825A-A60BD026A747}.Debug|Any CPU.ActiveCfg = Debug|Any CPU
		{116D9CAC-0C8C-466D-825A-A60BD026A747}.Debug|Any CPU.Build.0 = Debug|Any CPU
		{116D9CAC-0C8C-466D-825A-A60BD026A747}.Release|Any CPU.ActiveCfg = Release|Any CPU
		{116D9CAC-0C8C-466D-825A-A60BD026A747}.Release|Any CPU.Build.0 = Release|Any CPU
		{A385E76B-2F44-43BF-900C-1D4EE71221E5}.Debug|Any CPU.ActiveCfg = Debug|Any CPU
		{A385E76B-2F44-43BF-900C-1D4EE71221E5}.Debug|Any CPU.Build.0 = Debug|Any CPU
		{A385E76B-2F44-43BF-900C-1D4EE71221E5}.Release|Any CPU.ActiveCfg = Release|Any CPU
		{A385E76B-2F44-43BF-900C-1D4EE71221E5}.Release|Any CPU.Build.0 = Release|Any CPU
		{CE33DF18-F9C8-4D6F-9057-DBB4DB96E973}.Debug|Any CPU.ActiveCfg = Debug|Any CPU
		{CE33DF18-F9C8-4D6F-9057-DBB4DB96E973}.Debug|Any CPU.Build.0 = Debug|Any CPU
		{CE33DF18-F9C8-4D6F-9057-DBB4DB96E973}.Release|Any CPU.ActiveCfg = Release|Any CPU
		{CE33DF18-F9C8-4D6F-9057-DBB4DB96E973}.Release|Any CPU.Build.0 = Release|Any CPU
	EndGlobalSection
EndGlobal
